<?xml version="1.0" encoding="utf-8"?>
<Project ToolsVersion="4.0" xmlns="http://schemas.microsoft.com/developer/msbuild/2003">
  <ItemGroup>
    <Filter Include="Source Files">
      <UniqueIdentifier>{387647ca-ddda-44b4-9b8a-c34cf432c0c5}</UniqueIdentifier>
      <Extensions>cpp;c;cxx;rc;def;r;odl;idl;hpj;bat</Extensions>
    </Filter>
    <Filter Include="Resource Files">
      <UniqueIdentifier>{86cee387-569b-49a9-85de-44255a9ed316}</UniqueIdentifier>
      <Extensions>ico;cur;bmp;dlg;rc2;rct;bin;rgs;gif;jpg;jpeg;jpe</Extensions>
    </Filter>
  </ItemGroup>
  <ItemGroup>
    <ClCompile Include="AccelTable.cpp">
      <Filter>Source Files</Filter>
    </ClCompile>
    <ClCompile Include="Audio.cpp">
      <Filter>Source Files</Filter>
    </ClCompile>
    <ClCompile Include="AutoDlg.cpp">
      <Filter>Source Files</Filter>
    </ClCompile>
    <ClCompile Include="AutoInfo.cpp">
      <Filter>Source Files</Filter>
    </ClCompile>
    <ClCompile Include="AutoSliderCtrl.cpp">
      <Filter>Source Files</Filter>
    </ClCompile>
    <ClCompile Include="AutoSliderDlg.cpp">
      <Filter>Source Files</Filter>
    </ClCompile>
    <ClCompile Include="AutoSliderDlgBar.cpp">
      <Filter>Source Files</Filter>
    </ClCompile>
    <ClCompile Include="AutoTriggerCtrl.cpp">
      <Filter>Source Files</Filter>
    </ClCompile>
    <ClCompile Include="ChanAudio.cpp">
      <Filter>Source Files</Filter>
    </ClCompile>
    <ClCompile Include="ChanInfo.cpp">
      <Filter>Source Files</Filter>
    </ClCompile>
    <ClCompile Include="Channel.cpp">
      <Filter>Source Files</Filter>
    </ClCompile>
    <ClCompile Include="ChildFrm.cpp">
      <Filter>Source Files</Filter>
    </ClCompile>
    <ClCompile Include="ChildToolTip.cpp">
      <Filter>Source Files</Filter>
    </ClCompile>
    <ClCompile Include="ClickSliderCtrl.cpp">
      <Filter>Source Files</Filter>
    </ClCompile>
    <ClCompile Include="Clipboard.cpp">
      <Filter>Source Files</Filter>
    </ClCompile>
    <ClCompile Include="ColorStatusBar.cpp">
      <Filter>Source Files</Filter>
    </ClCompile>
    <ClCompile Include="ColumnResizer.cpp">
      <Filter>Source Files</Filter>
    </ClCompile>
    <ClCompile Include="CrossfaderBar.cpp">
      <Filter>Source Files</Filter>
    </ClCompile>
    <ClCompile Include="CtrlResize.cpp">
      <Filter>Source Files</Filter>
    </ClCompile>
    <ClCompile Include="DialogBarEx.cpp">
      <Filter>Source Files</Filter>
    </ClCompile>
    <ClCompile Include="DialogEx.cpp">
      <Filter>Source Files</Filter>
    </ClCompile>
    <ClCompile Include="EditSnapsDlg.cpp">
      <Filter>Source Files</Filter>
    </ClCompile>
    <ClCompile Include="FileSearchDlg.cpp">
      <Filter>Source Files</Filter>
    </ClCompile>
    <ClCompile Include="FolderDialog.cpp">
      <Filter>Source Files</Filter>
    </ClCompile>
    <ClCompile Include="FormListHeader.cpp">
      <Filter>Source Files</Filter>
    </ClCompile>
    <ClCompile Include="FormListInfo.cpp">
      <Filter>Source Files</Filter>
    </ClCompile>
    <ClCompile Include="FormListItemDlg.cpp">
      <Filter>Source Files</Filter>
    </ClCompile>
    <ClCompile Include="FormListView.cpp">
      <Filter>Source Files</Filter>
    </ClCompile>
    <ClCompile Include="HotKeyCtrlEx.cpp">
      <Filter>Source Files</Filter>
    </ClCompile>
    <ClCompile Include="HotKeyList.cpp">
      <Filter>Source Files</Filter>
    </ClCompile>
    <ClCompile Include="Hyperlink.cpp">
      <Filter>Source Files</Filter>
    </ClCompile>
    <ClCompile Include="IconButton.cpp">
      <Filter>Source Files</Filter>
    </ClCompile>
    <ClCompile Include="MainFrm.cpp">
      <Filter>Source Files</Filter>
    </ClCompile>
    <ClCompile Include="MissingFilesDlg.cpp">
      <Filter>Source Files</Filter>
    </ClCompile>
    <ClCompile Include="Mixere.cpp">
      <Filter>Source Files</Filter>
    </ClCompile>
    <ClCompile Include="MixereDoc.cpp">
      <Filter>Source Files</Filter>
    </ClCompile>
    <ClCompile Include="MixereView.cpp">
      <Filter>Source Files</Filter>
    </ClCompile>
    <ClCompile Include="MixerInfo.cpp">
      <Filter>Source Files</Filter>
    </ClCompile>
    <ClCompile Include="MSFadeBar.cpp">
      <Filter>Source Files</Filter>
    </ClCompile>
    <ClCompile Include="MultiAutoDlg.cpp">
      <Filter>Source Files</Filter>
    </ClCompile>
    <ClCompile Include="MultiMix.cpp">
      <Filter>Source Files</Filter>
    </ClCompile>
    <ClCompile Include="NumEdit.cpp">
      <Filter>Source Files</Filter>
    </ClCompile>
    <ClCompile Include="OptionsDlg.cpp">
      <Filter>Source Files</Filter>
    </ClCompile>
    <ClCompile Include="OptsAppearDlg.cpp">
      <Filter>Source Files</Filter>
    </ClCompile>
    <ClCompile Include="OptsGeneralDlg.cpp">
      <Filter>Source Files</Filter>
    </ClCompile>
    <ClCompile Include="OptsSlidersDlg.cpp">
      <Filter>Source Files</Filter>
    </ClCompile>
    <ClCompile Include="Persist.cpp">
      <Filter>Source Files</Filter>
    </ClCompile>
    <ClCompile Include="PopupEdit.cpp">
      <Filter>Source Files</Filter>
    </ClCompile>
    <ClCompile Include="PropertiesDlg.cpp">
      <Filter>Source Files</Filter>
    </ClCompile>
    <ClCompile Include="ReplaceFilesDlg.cpp">
      <Filter>Source Files</Filter>
    </ClCompile>
    <ClCompile Include="SelectSliderCtrl.cpp">
      <Filter>Source Files</Filter>
    </ClCompile>
    <ClCompile Include="SmartBuf.cpp">
      <Filter>Source Files</Filter>
    </ClCompile>
    <ClCompile Include="Snapshot.cpp">
      <Filter>Source Files</Filter>
    </ClCompile>
    <ClCompile Include="SnapshotBar.cpp">
      <Filter>Source Files</Filter>
    </ClCompile>
    <ClCompile Include="StaticEdit.cpp">
      <Filter>Source Files</Filter>
    </ClCompile>
    <ClCompile Include="StdAfx.cpp">
      <Filter>Source Files</Filter>
    </ClCompile>
    <ClCompile Include="SubFileFind.cpp">
      <Filter>Source Files</Filter>
    </ClCompile>
    <ClCompile Include="TakeSnapDlg.cpp">
      <Filter>Source Files</Filter>
    </ClCompile>
    <ClCompile Include="TempoBar.cpp">
      <Filter>Source Files</Filter>
    </ClCompile>
    <ClCompile Include="TimeEdit.cpp">
      <Filter>Source Files</Filter>
    </ClCompile>
    <ClCompile Include="Undoable.cpp">
      <Filter>Source Files</Filter>
    </ClCompile>
    <ClCompile Include="UndoManager.cpp">
      <Filter>Source Files</Filter>
    </ClCompile>
    <ClCompile Include="UndoState.cpp">
      <Filter>Source Files</Filter>
    </ClCompile>
    <ClCompile Include="VersionInfo.cpp">
      <Filter>Source Files</Filter>
    </ClCompile>
    <ClCompile Include="VolumeBar.cpp">
      <Filter>Source Files</Filter>
    </ClCompile>
    <ClCompile Include="Win32Console.cpp">
      <Filter>Source Files</Filter>
    </ClCompile>
  </ItemGroup>
  <ItemGroup>
    <ClInclude Include="AccelTable.h">
      <Filter>Source Files</Filter>
    </ClInclude>
    <ClInclude Include="Audio.h">
      <Filter>Source Files</Filter>
    </ClInclude>
    <ClInclude Include="AutoDlg.h">
      <Filter>Source Files</Filter>
    </ClInclude>
    <ClInclude Include="AutoInfo.h">
      <Filter>Source Files</Filter>
    </ClInclude>
    <ClInclude Include="AutoSliderCtrl.h">
      <Filter>Source Files</Filter>
    </ClInclude>
    <ClInclude Include="AutoSliderDlg.h">
      <Filter>Source Files</Filter>
    </ClInclude>
    <ClInclude Include="AutoSliderDlgBar.h">
      <Filter>Source Files</Filter>
    </ClInclude>
    <ClInclude Include="AutoTriggerCtrl.h">
      <Filter>Source Files</Filter>
    </ClInclude>
    <ClInclude Include="ChanAudio.h">
      <Filter>Source Files</Filter>
    </ClInclude>
    <ClInclude Include="ChanInfo.h">
      <Filter>Source Files</Filter>
    </ClInclude>
    <ClInclude Include="Channel.h">
      <Filter>Source Files</Filter>
    </ClInclude>
    <ClInclude Include="ChildFrm.h">
      <Filter>Source Files</Filter>
    </ClInclude>
    <ClInclude Include="ChildTooltip.h">
      <Filter>Source Files</Filter>
    </ClInclude>
    <ClInclude Include="ClickSliderCtrl.h">
      <Filter>Source Files</Filter>
    </ClInclude>
    <ClInclude Include="Clipboard.h">
      <Filter>Source Files</Filter>
    </ClInclude>
    <ClInclude Include="ColorStatusBar.h">
      <Filter>Source Files</Filter>
    </ClInclude>
    <ClInclude Include="ColumnResizer.h">
      <Filter>Source Files</Filter>
    </ClInclude>
    <ClInclude Include="CrossfaderBar.h">
      <Filter>Source Files</Filter>
    </ClInclude>
    <ClInclude Include="CtrlResize.h">
      <Filter>Source Files</Filter>
    </ClInclude>
    <ClInclude Include="DialogBarEx.h">
      <Filter>Source Files</Filter>
    </ClInclude>
    <ClInclude Include="DialogEx.h">
      <Filter>Source Files</Filter>
    </ClInclude>
    <ClInclude Include="EditSnapsDlg.h">
      <Filter>Source Files</Filter>
    </ClInclude>
    <ClInclude Include="FileSearchDlg.h">
      <Filter>Source Files</Filter>
    </ClInclude>
    <ClInclude Include="FolderDialog.h">
      <Filter>Source Files</Filter>
    </ClInclude>
    <ClInclude Include="FormListHeader.h">
      <Filter>Source Files</Filter>
    </ClInclude>
    <ClInclude Include="FormListInfo.h">
      <Filter>Source Files</Filter>
    </ClInclude>
    <ClInclude Include="FormListItemDlg.h">
      <Filter>Source Files</Filter>
    </ClInclude>
    <ClInclude Include="FormListView.h">
      <Filter>Source Files</Filter>
    </ClInclude>
    <ClInclude Include="HotKeyCtrlEx.h">
      <Filter>Source Files</Filter>
    </ClInclude>
    <ClInclude Include="HotKeyList.h">
      <Filter>Source Files</Filter>
    </ClInclude>
    <ClInclude Include="Hyperlink.h">
      <Filter>Source Files</Filter>
    </ClInclude>
    <ClInclude Include="IconButton.h">
      <Filter>Source Files</Filter>
    </ClInclude>
    <ClInclude Include="MainFrm.h">
      <Filter>Source Files</Filter>
    </ClInclude>
    <ClInclude Include="MissingFilesDlg.h">
      <Filter>Source Files</Filter>
    </ClInclude>
    <ClInclude Include="Mixere.h">
      <Filter>Source Files</Filter>
    </ClInclude>
    <ClInclude Include="MixereDoc.h">
      <Filter>Source Files</Filter>
    </ClInclude>
    <ClInclude Include="MixereView.h">
      <Filter>Source Files</Filter>
    </ClInclude>
    <ClInclude Include="MixerInfo.h">
      <Filter>Source Files</Filter>
    </ClInclude>
    <ClInclude Include="MSFadeBar.h">
      <Filter>Source Files</Filter>
    </ClInclude>
    <ClInclude Include="MultiAutoDlg.h">
      <Filter>Source Files</Filter>
    </ClInclude>
    <ClInclude Include="MultiMix.h">
      <Filter>Source Files</Filter>
    </ClInclude>
    <ClInclude Include="NumEdit.h">
      <Filter>Source Files</Filter>
    </ClInclude>
    <ClInclude Include="OptionsDlg.h">
      <Filter>Source Files</Filter>
    </ClInclude>
    <ClInclude Include="OptsAppearDlg.h">
      <Filter>Source Files</Filter>
    </ClInclude>
    <ClInclude Include="OptsGeneralDlg.h">
      <Filter>Source Files</Filter>
    </ClInclude>
    <ClInclude Include="OptsSlidersDlg.h">
      <Filter>Source Files</Filter>
    </ClInclude>
    <ClInclude Include="Persist.h">
      <Filter>Source Files</Filter>
    </ClInclude>
    <ClInclude Include="PopupEdit.h">
      <Filter>Source Files</Filter>
    </ClInclude>
    <ClInclude Include="PropertiesDlg.h">
      <Filter>Source Files</Filter>
    </ClInclude>
    <ClInclude Include="ReplaceFilesDlg.h">
      <Filter>Source Files</Filter>
    </ClInclude>
    <ClInclude Include="Resource.h">
      <Filter>Source Files</Filter>
    </ClInclude>
    <ClInclude Include="SelectSliderCtrl.h">
      <Filter>Source Files</Filter>
    </ClInclude>
    <ClInclude Include="SmartBuf.h">
      <Filter>Source Files</Filter>
    </ClInclude>
    <ClInclude Include="Snapshot.h">
      <Filter>Source Files</Filter>
    </ClInclude>
    <ClInclude Include="SnapshotBar.h">
      <Filter>Source Files</Filter>
    </ClInclude>
    <ClInclude Include="StaticEdit.h">
      <Filter>Source Files</Filter>
    </ClInclude>
    <ClInclude Include="StdAfx.h">
      <Filter>Source Files</Filter>
    </ClInclude>
    <ClInclude Include="SubFileFind.h">
      <Filter>Source Files</Filter>
    </ClInclude>
    <ClInclude Include="TakeSnapDlg.h">
      <Filter>Source Files</Filter>
    </ClInclude>
    <ClInclude Include="TempoBar.h">
      <Filter>Source Files</Filter>
    </ClInclude>
    <ClInclude Include="TimeEdit.h">
      <Filter>Source Files</Filter>
    </ClInclude>
    <ClInclude Include="Undoable.h">
      <Filter>Source Files</Filter>
    </ClInclude>
    <ClInclude Include="UndoManager.h">
      <Filter>Source Files</Filter>
    </ClInclude>
    <ClInclude Include="UndoState.h">
      <Filter>Source Files</Filter>
    </ClInclude>
    <ClInclude Include="Version.h">
      <Filter>Source Files</Filter>
    </ClInclude>
    <ClInclude Include="VersionInfo.h">
      <Filter>Source Files</Filter>
    </ClInclude>
    <ClInclude Include="VolumeBar.h">
      <Filter>Source Files</Filter>
    </ClInclude>
    <ClInclude Include="Win32Console.h">
      <Filter>Source Files</Filter>
    </ClInclude>
  </ItemGroup>
  <ItemGroup>
    <ResourceCompile Include="Mixere.rc">
      <Filter>Source Files</Filter>
    </ResourceCompile>
  </ItemGroup>
  <ItemGroup>
    <None Include="res\cfdipless.ico">
      <Filter>Resource Files</Filter>
    </None>
    <None Include="res\cflinear.ico">
      <Filter>Resource Files</Filter>
    </None>
    <None Include="res\dragmulti.cur">
      <Filter>Resource Files</Filter>
    </None>
    <None Include="res\dragsingle.cur">
      <Filter>Resource Files</Filter>
    </None>
    <None Include="res\loopd.ico">
      <Filter>Resource Files</Filter>
    </None>
    <None Include="res\loopu.ico">
      <Filter>Resource Files</Filter>
    </None>
    <None Include="res\minutesd.ico">
      <Filter>Resource Files</Filter>
    </None>
    <None Include="res\minutesu.ico">
      <Filter>Resource Files</Filter>
    </None>
    <None Include="res\Mixere.ico">
      <Filter>Resource Files</Filter>
    </None>
    <None Include="res\Mixere.rc2">
      <Filter>Resource Files</Filter>
    </None>
    <None Include="res\MixereDoc.ico">
      <Filter>Resource Files</Filter>
    </None>
    <None Include="res\muted.ico">
      <Filter>Resource Files</Filter>
    </None>
    <None Include="res\muteu.ico">
      <Filter>Resource Files</Filter>
    </None>
    <None Include="res\paused.ico">
      <Filter>Resource Files</Filter>
    </None>
    <None Include="res\pauseu.ico">
      <Filter>Resource Files</Filter>
    </None>
    <None Include="res\playd.ico">
      <Filter>Resource Files</Filter>
    </None>
    <None Include="res\playu.ico">
      <Filter>Resource Files</Filter>
    </None>
    <None Include="res\solod.ico">
      <Filter>Resource Files</Filter>
    </None>
    <None Include="res\solou.ico">
      <Filter>Resource Files</Filter>
    </None>
    <None Include="res\sortd.bmp">
      <Filter>Resource Files</Filter>
    </None>
    <None Include="res\sortu.bmp">
      <Filter>Resource Files</Filter>
    </None>
    <None Include="res\stagger.ico">
      <Filter>Resource Files</Filter>
    </None>
    <None Include="res\stopd.ico">
      <Filter>Resource Files</Filter>
    </None>
    <None Include="res\stopu.ico">
      <Filter>Resource Files</Filter>
    </None>
    <None Include="res\Toolbar.bmp">
      <Filter>Resource Files</Filter>
    </None>
    <None Include="License.txt" />
    <None Include="ReadMe.txt" />
  </ItemGroup>
</Project>