
Microsoft Visual Studio Solution File, Format Version 12.00
# Visual Studio Version 17
VisualStudioVersion = 17.0.31912.275
MinimumVisualStudioVersion = 10.0.40219.1
Project("{8BC9CEB8-8B4A-11D0-8D11-00A0C91BC942}") = "Mixere", "Mixere.vcxproj", "{82D04DB1-77C1-4599-9E3B-4B73729EAB3C}"
EndProject
Project("{8BC9CEB8-8B4A-11D0-8D11-00A0C91BC942}") = "Audiere", "Audiere\Audiere.vcxproj", "{DA70C939-414C-461D-BCF2-6A901236543B}"
EndProject
Project("{8BC9CEB8-8B4A-11D0-8D11-00A0C91BC942}") = "FLAC", "FLAC\FLAC.vcxproj", "{2247E135-B4CE-4F3A-AC88-9CA5E19DEDA9}"
EndProject
Project("{8BC9CEB8-8B4A-11D0-8D11-00A0C91BC942}") = "ogg", "ogg\ogg.vcxproj", "{7F357886-E54D-488E-862B-2F6C82FA07BC}"
EndProject
Project("{8BC9CEB8-8B4A-11D0-8D11-00A0C91BC942}") = "vorbis", "vorbis\vorbis.vcxproj", "{6C8CEBD0-D8B7-4335-A8E1-A9CE3FBD332B}"
EndProject
Global
	GlobalSection(SolutionConfigurationPlatforms) = preSolution
		Debug|Win32 = Debug|Win32
		Debug|x64 = Debug|x64
		MinSizeRel|Win32 = MinSizeRel|Win32
		MinSizeRel|x64 = MinSizeRel|x64
		Release|Win32 = Release|Win32
		Release|x64 = Release|x64
		RelWithDebInfo|Win32 = RelWithDebInfo|Win32
		RelWithDebInfo|x64 = RelWithDebInfo|x64
	EndGlobalSection
	GlobalSection(ProjectConfigurationPlatforms) = postSolution
		{82D04DB1-77C1-4599-9E3B-4B73729EAB3C}.Debug|Win32.ActiveCfg = Debug|Win32
		{82D04DB1-77C1-4599-9E3B-4B73729EAB3C}.Debug|Win32.Build.0 = Debug|Win32
		{82D04DB1-77C1-4599-9E3B-4B73729EAB3C}.Debug|x64.ActiveCfg = Debug|x64
		{82D04DB1-77C1-4599-9E3B-4B73729EAB3C}.Debug|x64.Build.0 = Debug|x64
		{82D04DB1-77C1-4599-9E3B-4B73729EAB3C}.MinSizeRel|Win32.ActiveCfg = Release|Win32
		{82D04DB1-77C1-4599-9E3B-4B73729EAB3C}.MinSizeRel|Win32.Build.0 = Release|Win32
		{82D04DB1-77C1-4599-9E3B-4B73729EAB3C}.MinSizeRel|x64.ActiveCfg = Release|x64
		{82D04DB1-77C1-4599-9E3B-4B73729EAB3C}.MinSizeRel|x64.Build.0 = Release|x64
		{82D04DB1-77C1-4599-9E3B-4B73729EAB3C}.Release|Win32.ActiveCfg = Release|Win32
		{82D04DB1-77C1-4599-9E3B-4B73729EAB3C}.Release|Win32.Build.0 = Release|Win32
		{82D04DB1-77C1-4599-9E3B-4B73729EAB3C}.Release|x64.ActiveCfg = Release|x64
		{82D04DB1-77C1-4599-9E3B-4B73729EAB3C}.Release|x64.Build.0 = Release|x64
		{82D04DB1-77C1-4599-9E3B-4B73729EAB3C}.RelWithDebInfo|Win32.ActiveCfg = Release|Win32
		{82D04DB1-77C1-4599-9E3B-4B73729EAB3C}.RelWithDebInfo|Win32.Build.0 = Release|Win32
		{82D04DB1-77C1-4599-9E3B-4B73729EAB3C}.RelWithDebInfo|x64.ActiveCfg = Release|x64
		{82D04DB1-77C1-4599-9E3B-4B73729EAB3C}.RelWithDebInfo|x64.Build.0 = Release|x64
		{DA70C939-414C-461D-BCF2-6A901236543B}.Debug|Win32.ActiveCfg = Debug|Win32
		{DA70C939-414C-461D-BCF2-6A901236543B}.Debug|Win32.Build.0 = Debug|Win32
		{DA70C939-414C-461D-BCF2-6A901236543B}.Debug|x64.ActiveCfg = Debug|x64
		{DA70C939-414C-461D-BCF2-6A901236543B}.Debug|x64.Build.0 = Debug|x64
		{DA70C939-414C-461D-BCF2-6A901236543B}.MinSizeRel|Win32.ActiveCfg = Debug|Win32
		{DA70C939-414C-461D-BCF2-6A901236543B}.MinSizeRel|Win32.Build.0 = Debug|Win32
		{DA70C939-414C-461D-BCF2-6A901236543B}.MinSizeRel|x64.ActiveCfg = Debug|x64
		{DA70C939-414C-461D-BCF2-6A901236543B}.MinSizeRel|x64.Build.0 = Debug|x64
		{DA70C939-414C-461D-BCF2-6A901236543B}.Release|Win32.ActiveCfg = Release|Win32
		{DA70C939-414C-461D-BCF2-6A901236543B}.Release|Win32.Build.0 = Release|Win32
		{DA70C939-414C-461D-BCF2-6A901236543B}.Release|x64.ActiveCfg = Release|x64
		{DA70C939-414C-461D-BCF2-6A901236543B}.Release|x64.Build.0 = Release|x64
		{DA70C939-414C-461D-BCF2-6A901236543B}.RelWithDebInfo|Win32.ActiveCfg = Release|Win32
		{DA70C939-414C-461D-BCF2-6A901236543B}.RelWithDebInfo|Win32.Build.0 = Release|Win32
		{DA70C939-414C-461D-BCF2-6A901236543B}.RelWithDebInfo|x64.ActiveCfg = Release|x64
		{DA70C939-414C-461D-BCF2-6A901236543B}.RelWithDebInfo|x64.Build.0 = Release|x64
		{2247E135-B4CE-4F3A-AC88-9CA5E19DEDA9}.Debug|Win32.ActiveCfg = Debug|Win32
		{2247E135-B4CE-4F3A-AC88-9CA5E19DEDA9}.Debug|Win32.Build.0 = Debug|Win32
		{2247E135-B4CE-4F3A-AC88-9CA5E19DEDA9}.Debug|x64.ActiveCfg = Debug|x64
		{2247E135-B4CE-4F3A-AC88-9CA5E19DEDA9}.Debug|x64.Build.0 = Debug|x64
		{2247E135-B4CE-4F3A-AC88-9CA5E19DEDA9}.MinSizeRel|Win32.ActiveCfg = Debug|Win32
		{2247E135-B4CE-4F3A-AC88-9CA5E19DEDA9}.MinSizeRel|Win32.Build.0 = Debug|Win32
		{2247E135-B4CE-4F3A-AC88-9CA5E19DEDA9}.MinSizeRel|x64.ActiveCfg = Debug|x64
		{2247E135-B4CE-4F3A-AC88-9CA5E19DEDA9}.MinSizeRel|x64.Build.0 = Debug|x64
		{2247E135-B4CE-4F3A-AC88-9CA5E19DEDA9}.Release|Win32.ActiveCfg = Release|Win32
		{2247E135-B4CE-4F3A-AC88-9CA5E19DEDA9}.Release|Win32.Build.0 = Release|Win32
		{2247E135-B4CE-4F3A-AC88-9CA5E19DEDA9}.Release|x64.ActiveCfg = Release|x64
		{2247E135-B4CE-4F3A-AC88-9CA5E19DEDA9}.Release|x64.Build.0 = Release|x64
		{2247E135-B4CE-4F3A-AC88-9CA5E19DEDA9}.RelWithDebInfo|Win32.ActiveCfg = Release|Win32
		{2247E135-B4CE-4F3A-AC88-9CA5E19DEDA9}.RelWithDebInfo|Win32.Build.0 = Release|Win32
		{2247E135-B4CE-4F3A-AC88-9CA5E19DEDA9}.RelWithDebInfo|x64.ActiveCfg = Release|x64
		{2247E135-B4CE-4F3A-AC88-9CA5E19DEDA9}.RelWithDebInfo|x64.Build.0 = Release|x64
		{7F357886-E54D-488E-862B-2F6C82FA07BC}.Debug|Win32.ActiveCfg = Debug|Win32
		{7F357886-E54D-488E-862B-2F6C82FA07BC}.Debug|Win32.Build.0 = Debug|Win32
		{7F357886-E54D-488E-862B-2F6C82FA07BC}.Debug|x64.ActiveCfg = Debug|x64
		{7F357886-E54D-488E-862B-2F6C82FA07BC}.Debug|x64.Build.0 = Debug|x64
		{7F357886-E54D-488E-862B-2F6C82FA07BC}.MinSizeRel|Win32.ActiveCfg = Debug|Win32
		{7F357886-E54D-488E-862B-2F6C82FA07BC}.MinSizeRel|Win32.Build.0 = Debug|Win32
		{7F357886-E54D-488E-862B-2F6C82FA07BC}.MinSizeRel|x64.ActiveCfg = Debug|x64
		{7F357886-E54D-488E-862B-2F6C82FA07BC}.MinSizeRel|x64.Build.0 = Debug|x64
		{7F357886-E54D-488E-862B-2F6C82FA07BC}.Release|Win32.ActiveCfg = Release|Win32
		{7F357886-E54D-488E-862B-2F6C82FA07BC}.Release|Win32.Build.0 = Release|Win32
		{7F357886-E54D-488E-862B-2F6C82FA07BC}.Release|x64.ActiveCfg = Release|x64
		{7F357886-E54D-488E-862B-2F6C82FA07BC}.Release|x64.Build.0 = Release|x64
		{7F357886-E54D-488E-862B-2F6C82FA07BC}.RelWithDebInfo|Win32.ActiveCfg = Release|Win32
		{7F357886-E54D-488E-862B-2F6C82FA07BC}.RelWithDebInfo|Win32.Build.0 = Release|Win32
		{7F357886-E54D-488E-862B-2F6C82FA07BC}.RelWithDebInfo|x64.ActiveCfg = Release|x64
		{7F357886-E54D-488E-862B-2F6C82FA07BC}.RelWithDebInfo|x64.Build.0 = Release|x64
		{6C8CEBD0-D8B7-4335-A8E1-A9CE3FBD332B}.Debug|Win32.ActiveCfg = Debug|Win32
		{6C8CEBD0-D8B7-4335-A8E1-A9CE3FBD332B}.Debug|Win32.Build.0 = Debug|Win32
		{6C8CEBD0-D8B7-4335-A8E1-A9CE3FBD332B}.Debug|x64.ActiveCfg = Debug|x64
		{6C8CEBD0-D8B7-4335-A8E1-A9CE3FBD332B}.Debug|x64.Build.0 = Debug|x64
		{6C8CEBD0-D8B7-4335-A8E1-A9CE3FBD332B}.MinSizeRel|Win32.ActiveCfg = Debug|Win32
		{6C8CEBD0-D8B7-4335-A8E1-A9CE3FBD332B}.MinSizeRel|Win32.Build.0 = Debug|Win32
		{6C8CEBD0-D8B7-4335-A8E1-A9CE3FBD332B}.MinSizeRel|x64.ActiveCfg = Debug|x64
		{6C8CEBD0-D8B7-4335-A8E1-A9CE3FBD332B}.MinSizeRel|x64.Build.0 = Debug|x64
		{6C8CEBD0-D8B7-4335-A8E1-A9CE3FBD332B}.Release|Win32.ActiveCfg = Release|Win32
		{6C8CEBD0-D8B7-4335-A8E1-A9CE3FBD332B}.Release|Win32.Build.0 = Release|Win32
		{6C8CEBD0-D8B7-4335-A8E1-A9CE3FBD332B}.Release|x64.ActiveCfg = Release|x64
		{6C8CEBD0-D8B7-4335-A8E1-A9CE3FBD332B}.Release|x64.Build.0 = Release|x64
		{6C8CEBD0-D8B7-4335-A8E1-A9CE3FBD332B}.RelWithDebInfo|Win32.ActiveCfg = Release|Win32
		{6C8CEBD0-D8B7-4335-A8E1-A9CE3FBD332B}.RelWithDebInfo|Win32.Build.0 = Release|Win32
		{6C8CEBD0-D8B7-4335-A8E1-A9CE3FBD332B}.RelWithDebInfo|x64.ActiveCfg = Release|x64
		{6C8CEBD0-D8B7-4335-A8E1-A9CE3FBD332B}.RelWithDebInfo|x64.Build.0 = Release|x64
	EndGlobalSection
	GlobalSection(SolutionProperties) = preSolution
		HideSolutionNode = FALSE
	EndGlobalSection
	GlobalSection(ExtensibilityGlobals) = postSolution
		SolutionGuid = {A424BA36-DE84-40B8-96B5-2A67184C8B3C}
	EndGlobalSection
EndGlobal
