<?xml version="1.0" encoding="utf-8"?>
<Project ToolsVersion="4.0" xmlns="http://schemas.microsoft.com/developer/msbuild/2003">
  <ItemGroup>
    <Filter Include="Source Files">
      <UniqueIdentifier>{4FC737F1-C7A5-4376-A066-2A32D752A2FF}</UniqueIdentifier>
      <Extensions>cpp;c;cc;cxx;c++;cppm;ixx;def;odl;idl;hpj;bat;asm;asmx</Extensions>
    </Filter>
    <Filter Include="Header Files">
      <UniqueIdentifier>{93995380-89BD-4b04-88EB-625FBE52EBFB}</UniqueIdentifier>
      <Extensions>h;hh;hpp;hxx;h++;hm;inl;inc;ipp;xsd</Extensions>
    </Filter>
    <Filter Include="Resource Files">
      <UniqueIdentifier>{67DA6AB6-F800-4c08-8B7A-83BB121AAD01}</UniqueIdentifier>
      <Extensions>rc;ico;cur;bmp;dlg;rc2;rct;bin;rgs;gif;jpg;jpeg;jpe;resx;tiff;tif;png;wav;mfcribbon-ms</Extensions>
    </Filter>
    <Filter Include="Header Files\mpaudec">
      <UniqueIdentifier>{2d91bf80-cc0f-476b-ab5b-33469a7d0e02}</UniqueIdentifier>
    </Filter>
    <Filter Include="Source Files\mpaudec">
      <UniqueIdentifier>{f20a8468-c93c-4f9e-97f2-f9c75b20e4a7}</UniqueIdentifier>
    </Filter>
  </ItemGroup>
  <ItemGroup>
    <ClInclude Include="..\third\Audiere\src\audiere.h">
      <Filter>Header Files</Filter>
    </ClInclude>
    <ClInclude Include="..\third\Audiere\src\basic_source.h">
      <Filter>Header Files</Filter>
    </ClInclude>
    <ClInclude Include="..\third\Audiere\src\debug.h">
      <Filter>Header Files</Filter>
    </ClInclude>
    <ClInclude Include="..\third\Audiere\src\default_file.h">
      <Filter>Header Files</Filter>
    </ClInclude>
    <ClInclude Include="..\third\Audiere\src\device.h">
      <Filter>Header Files</Filter>
    </ClInclude>
    <ClInclude Include="..\third\Audiere\src\device_mixer.h">
      <Filter>Header Files</Filter>
    </ClInclude>
    <ClInclude Include="..\third\Audiere\src\device_mm.h">
      <Filter>Header Files</Filter>
    </ClInclude>
    <ClInclude Include="..\third\Audiere\src\device_null.h">
      <Filter>Header Files</Filter>
    </ClInclude>
    <ClInclude Include="..\third\Audiere\src\dumb_resample.h">
      <Filter>Header Files</Filter>
    </ClInclude>
    <ClInclude Include="..\third\Audiere\src\input_aiff.h">
      <Filter>Header Files</Filter>
    </ClInclude>
    <ClInclude Include="..\third\Audiere\src\input_flac.h">
      <Filter>Header Files</Filter>
    </ClInclude>
    <ClInclude Include="..\third\Audiere\src\input_mp3.h">
      <Filter>Header Files</Filter>
    </ClInclude>
    <ClInclude Include="..\third\Audiere\src\input_ogg.h">
      <Filter>Header Files</Filter>
    </ClInclude>
    <ClInclude Include="..\third\Audiere\src\input_wav.h">
      <Filter>Header Files</Filter>
    </ClInclude>
    <ClInclude Include="..\third\Audiere\src\internal.h">
      <Filter>Header Files</Filter>
    </ClInclude>
    <ClInclude Include="..\third\Audiere\src\mci_device.h">
      <Filter>Header Files</Filter>
    </ClInclude>
    <ClInclude Include="..\third\Audiere\src\memory_file.h">
      <Filter>Header Files</Filter>
    </ClInclude>
    <ClInclude Include="..\third\Audiere\src\resampler.h">
      <Filter>Header Files</Filter>
    </ClInclude>
    <ClInclude Include="..\third\Audiere\src\resource.h">
      <Filter>Header Files</Filter>
    </ClInclude>
    <ClInclude Include="..\third\Audiere\src\TagsDialog.h">
      <Filter>Header Files</Filter>
    </ClInclude>
    <ClInclude Include="..\third\Audiere\src\threads.h">
      <Filter>Header Files</Filter>
    </ClInclude>
    <ClInclude Include="..\third\Audiere\src\timer.h">
      <Filter>Header Files</Filter>
    </ClInclude>
    <ClInclude Include="..\third\Audiere\src\types.h">
      <Filter>Header Files</Filter>
    </ClInclude>
    <ClInclude Include="..\third\Audiere\src\utility.h">
      <Filter>Header Files</Filter>
    </ClInclude>
    <ClInclude Include="..\third\Audiere\src\mpaudec\internal.h">
      <Filter>Header Files\mpaudec</Filter>
    </ClInclude>
    <ClInclude Include="..\third\Audiere\src\mpaudec\mpaudec.h">
      <Filter>Header Files\mpaudec</Filter>
    </ClInclude>
    <ClInclude Include="..\third\Audiere\src\mpaudec\mpaudectab.h">
      <Filter>Header Files\mpaudec</Filter>
    </ClInclude>
    <ClInclude Include="..\third\Audiere\src\mpaudec\mpegaudio.h">
      <Filter>Header Files\mpaudec</Filter>
    </ClInclude>
  </ItemGroup>
  <ItemGroup>
    <ClCompile Include="..\third\Audiere\src\basic_source.cpp">
      <Filter>Source Files</Filter>
    </ClCompile>
    <ClCompile Include="..\third\Audiere\src\cd_win32.cpp">
      <Filter>Source Files</Filter>
    </ClCompile>
    <ClCompile Include="..\third\Audiere\src\debug.cpp">
      <Filter>Source Files</Filter>
    </ClCompile>
    <ClCompile Include="..\third\Audiere\src\device.cpp">
      <Filter>Source Files</Filter>
    </ClCompile>
    <ClCompile Include="..\third\Audiere\src\device_mixer.cpp">
      <Filter>Source Files</Filter>
    </ClCompile>
    <ClCompile Include="..\third\Audiere\src\device_mm.cpp">
      <Filter>Source Files</Filter>
    </ClCompile>
    <ClCompile Include="..\third\Audiere\src\device_null.cpp">
      <Filter>Source Files</Filter>
    </ClCompile>
    <ClCompile Include="..\third\Audiere\src\dxguid.cpp">
      <Filter>Source Files</Filter>
    </ClCompile>
    <ClCompile Include="..\third\Audiere\src\file_ansi.cpp">
      <Filter>Source Files</Filter>
    </ClCompile>
    <ClCompile Include="..\third\Audiere\src\input.cpp">
      <Filter>Source Files</Filter>
    </ClCompile>
    <ClCompile Include="..\third\Audiere\src\input_aiff.cpp">
      <Filter>Source Files</Filter>
    </ClCompile>
    <ClCompile Include="..\third\Audiere\src\input_flac.cpp">
      <Filter>Source Files</Filter>
    </ClCompile>
    <ClCompile Include="..\third\Audiere\src\input_mp3.cpp">
      <Filter>Source Files</Filter>
    </ClCompile>
    <ClCompile Include="..\third\Audiere\src\input_mpg123.cpp">
      <Filter>Source Files</Filter>
    </ClCompile>
    <ClCompile Include="..\third\Audiere\src\input_ogg.cpp">
      <Filter>Source Files</Filter>
    </ClCompile>
    <ClCompile Include="..\third\Audiere\src\input_wav.cpp">
      <Filter>Source Files</Filter>
    </ClCompile>
    <ClCompile Include="..\third\Audiere\src\loop_point_source.cpp">
      <Filter>Source Files</Filter>
    </ClCompile>
    <ClCompile Include="..\third\Audiere\src\memory_file.cpp">
      <Filter>Source Files</Filter>
    </ClCompile>
    <ClCompile Include="..\third\Audiere\src\midi_mci.cpp">
      <Filter>Source Files</Filter>
    </ClCompile>
    <ClCompile Include="..\third\Audiere\src\noise.cpp">
      <Filter>Source Files</Filter>
    </ClCompile>
    <ClCompile Include="..\third\Audiere\src\resampler.cpp">
      <Filter>Source Files</Filter>
    </ClCompile>
    <ClCompile Include="..\third\Audiere\src\sample_buffer.cpp">
      <Filter>Source Files</Filter>
    </ClCompile>
    <ClCompile Include="..\third\Audiere\src\sound.cpp">
      <Filter>Source Files</Filter>
    </ClCompile>
    <ClCompile Include="..\third\Audiere\src\sound_effect.cpp">
      <Filter>Source Files</Filter>
    </ClCompile>
    <ClCompile Include="..\third\Audiere\src\square_wave.cpp">
      <Filter>Source Files</Filter>
    </ClCompile>
    <ClCompile Include="..\third\Audiere\src\threads_win32.cpp">
      <Filter>Source Files</Filter>
    </ClCompile>
    <ClCompile Include="..\third\Audiere\src\timer_win32.cpp">
      <Filter>Source Files</Filter>
    </ClCompile>
    <ClCompile Include="..\third\Audiere\src\tone.cpp">
      <Filter>Source Files</Filter>
    </ClCompile>
    <ClCompile Include="..\third\Audiere\src\utility.cpp">
      <Filter>Source Files</Filter>
    </ClCompile>
    <ClCompile Include="..\third\Audiere\src\version.cpp">
      <Filter>Source Files</Filter>
    </ClCompile>
    <ClCompile Include="..\third\Audiere\src\dumb_resample.cpp">
      <Filter>Source Files</Filter>
    </ClCompile>
    <ClCompile Include="..\third\Audiere\src\mpaudec\bits.c">
      <Filter>Source Files\mpaudec</Filter>
    </ClCompile>
    <ClCompile Include="..\third\Audiere\src\mpaudec\mpaudec.c">
      <Filter>Source Files\mpaudec</Filter>
    </ClCompile>
  </ItemGroup>
  <ItemGroup>
    <ResourceCompile Include="..\third\Audiere\src\audiere.rc">
      <Filter>Resource Files</Filter>
    </ResourceCompile>
  </ItemGroup>
</Project>