<?xml version="1.0" encoding="utf-8"?>
<Project ToolsVersion="4.0" xmlns="http://schemas.microsoft.com/developer/msbuild/2003">
  <ItemGroup>
    <Filter Include="Source Files">
      <UniqueIdentifier>{4FC737F1-C7A5-4376-A066-2A32D752A2FF}</UniqueIdentifier>
      <Extensions>cpp;c;cc;cxx;c++;cppm;ixx;def;odl;idl;hpj;bat;asm;asmx</Extensions>
    </Filter>
    <Filter Include="Header Files">
      <UniqueIdentifier>{93995380-89BD-4b04-88EB-625FBE52EBFB}</UniqueIdentifier>
      <Extensions>h;hh;hpp;hxx;h++;hm;inl;inc;ipp;xsd</Extensions>
    </Filter>
    <Filter Include="Resource Files">
      <UniqueIdentifier>{67DA6AB6-F800-4c08-8B7A-83BB121AAD01}</UniqueIdentifier>
      <Extensions>rc;ico;cur;bmp;dlg;rc2;rct;bin;rgs;gif;jpg;jpeg;jpe;resx;tiff;tif;png;wav;mfcribbon-ms</Extensions>
    </Filter>
    <Filter Include="Header Files\lib">
      <UniqueIdentifier>{fd799e85-1c09-430e-bfe8-5ad0674a2adc}</UniqueIdentifier>
    </Filter>
  </ItemGroup>
  <ItemGroup>
    <ClInclude Include="..\third\vorbis\include\vorbis\codec.h">
      <Filter>Header Files</Filter>
    </ClInclude>
    <ClInclude Include="..\third\vorbis\include\vorbis\vorbisenc.h">
      <Filter>Header Files</Filter>
    </ClInclude>
    <ClInclude Include="..\third\vorbis\include\vorbis\vorbisfile.h">
      <Filter>Header Files</Filter>
    </ClInclude>
    <ClInclude Include="..\third\vorbis\lib\backends.h">
      <Filter>Header Files\lib</Filter>
    </ClInclude>
    <ClInclude Include="..\third\vorbis\lib\bitrate.h">
      <Filter>Header Files\lib</Filter>
    </ClInclude>
    <ClInclude Include="..\third\vorbis\lib\codebook.h">
      <Filter>Header Files\lib</Filter>
    </ClInclude>
    <ClInclude Include="..\third\vorbis\lib\codec_internal.h">
      <Filter>Header Files\lib</Filter>
    </ClInclude>
    <ClInclude Include="..\third\vorbis\lib\envelope.h">
      <Filter>Header Files\lib</Filter>
    </ClInclude>
    <ClInclude Include="..\third\vorbis\lib\highlevel.h">
      <Filter>Header Files\lib</Filter>
    </ClInclude>
    <ClInclude Include="..\third\vorbis\lib\lookup.h">
      <Filter>Header Files\lib</Filter>
    </ClInclude>
    <ClInclude Include="..\third\vorbis\lib\lookup_data.h">
      <Filter>Header Files\lib</Filter>
    </ClInclude>
    <ClInclude Include="..\third\vorbis\lib\lpc.h">
      <Filter>Header Files\lib</Filter>
    </ClInclude>
    <ClInclude Include="..\third\vorbis\lib\lsp.h">
      <Filter>Header Files\lib</Filter>
    </ClInclude>
    <ClInclude Include="..\third\vorbis\lib\masking.h">
      <Filter>Header Files\lib</Filter>
    </ClInclude>
    <ClInclude Include="..\third\vorbis\lib\mdct.h">
      <Filter>Header Files\lib</Filter>
    </ClInclude>
    <ClInclude Include="..\third\vorbis\lib\misc.h">
      <Filter>Header Files\lib</Filter>
    </ClInclude>
    <ClInclude Include="..\third\vorbis\lib\os.h">
      <Filter>Header Files\lib</Filter>
    </ClInclude>
    <ClInclude Include="..\third\vorbis\lib\psy.h">
      <Filter>Header Files\lib</Filter>
    </ClInclude>
    <ClInclude Include="..\third\vorbis\lib\registry.h">
      <Filter>Header Files\lib</Filter>
    </ClInclude>
    <ClInclude Include="..\third\vorbis\lib\scales.h">
      <Filter>Header Files\lib</Filter>
    </ClInclude>
    <ClInclude Include="..\third\vorbis\lib\smallft.h">
      <Filter>Header Files\lib</Filter>
    </ClInclude>
    <ClInclude Include="..\third\vorbis\lib\window.h">
      <Filter>Header Files\lib</Filter>
    </ClInclude>
  </ItemGroup>
  <ItemGroup>
    <ClCompile Include="..\third\vorbis\lib\vorbisenc.c">
      <Filter>Source Files</Filter>
    </ClCompile>
    <ClCompile Include="..\third\vorbis\lib\vorbisfile.c">
      <Filter>Source Files</Filter>
    </ClCompile>
    <ClCompile Include="..\third\vorbis\lib\info.c">
      <Filter>Source Files</Filter>
    </ClCompile>
    <ClCompile Include="..\third\vorbis\lib\block.c">
      <Filter>Source Files</Filter>
    </ClCompile>
    <ClCompile Include="..\third\vorbis\lib\psy.c">
      <Filter>Source Files</Filter>
    </ClCompile>
    <ClCompile Include="..\third\vorbis\lib\synthesis.c">
      <Filter>Source Files</Filter>
    </ClCompile>
    <ClCompile Include="..\third\vorbis\lib\sharedbook.c">
      <Filter>Source Files</Filter>
    </ClCompile>
    <ClCompile Include="..\third\vorbis\lib\codebook.c">
      <Filter>Source Files</Filter>
    </ClCompile>
    <ClCompile Include="..\third\vorbis\lib\mdct.c">
      <Filter>Source Files</Filter>
    </ClCompile>
    <ClCompile Include="..\third\vorbis\lib\envelope.c">
      <Filter>Source Files</Filter>
    </ClCompile>
    <ClCompile Include="..\third\vorbis\lib\bitrate.c">
      <Filter>Source Files</Filter>
    </ClCompile>
    <ClCompile Include="..\third\vorbis\lib\lpc.c">
      <Filter>Source Files</Filter>
    </ClCompile>
    <ClCompile Include="..\third\vorbis\lib\smallft.c">
      <Filter>Source Files</Filter>
    </ClCompile>
    <ClCompile Include="..\third\vorbis\lib\window.c">
      <Filter>Source Files</Filter>
    </ClCompile>
    <ClCompile Include="..\third\vorbis\lib\registry.c">
      <Filter>Source Files</Filter>
    </ClCompile>
    <ClCompile Include="..\third\vorbis\lib\floor0.c">
      <Filter>Source Files</Filter>
    </ClCompile>
    <ClCompile Include="..\third\vorbis\lib\floor1.c">
      <Filter>Source Files</Filter>
    </ClCompile>
    <ClCompile Include="..\third\vorbis\lib\res0.c">
      <Filter>Source Files</Filter>
    </ClCompile>
    <ClCompile Include="..\third\vorbis\lib\mapping0.c">
      <Filter>Source Files</Filter>
    </ClCompile>
    <ClCompile Include="..\third\vorbis\lib\lsp.c">
      <Filter>Source Files</Filter>
    </ClCompile>
  </ItemGroup>
</Project>